
Microsoft Visual Studio Solution File, Format Version 12.00
# Visual Studio Version 16
VisualStudioVersion = 16.0.31727.386
MinimumVisualStudioVersion = 10.0.40219.1
Project("{FAE04EC0-301F-11D3-BF4B-00C04F79EFBC}") = "LoopsAndRandoeNumbers2", "LoopsAndRandoeNumbers2\LoopsAndRandoeNumbers2.csproj", "{4F20B810-AB58-4827-92E3-E03F13A4AFE7}"
EndProject
Project("{FAE04EC0-301F-11D3-BF4B-00C04F79EFBC}") = "PINLoop", "PINLoop\PINLoop.csproj", "{D95F6EFD-2D8F-49BB-B38B-4AC1434991C3}"
EndProject
Project("{FAE04EC0-301F-11D3-BF4B-00C04F79EFBC}") = "RandomNumbers", "RandomNumbers\RandomNumbers.csproj", "{3E6685C0-0998-4AB2-B740-DE19926EF1C4}"
EndProject
Project("{FAE04EC0-301F-11D3-BF4B-00C04F79EFBC}") = "GuessingGameInfinite", "GuessingGameInfinite\GuessingGameInfinite.csproj", "{4A3067B4-5EF2-4D0B-B91C-B0F5F1F667DB}"
EndProject
Project("{FAE04EC0-301F-11D3-BF4B-00C04F79EFBC}") = "GuessingGameThreeTries", "GuessingGameThreeTries\GuessingGameThreeTries.csproj", "{03C64271-E1AB-44A7-87C8-5F05A7E6F5B5}"
EndProject
Global
	GlobalSection(SolutionConfigurationPlatforms) = preSolution
		Debug|Any CPU = Debug|Any CPU
		Release|Any CPU = Release|Any CPU
	EndGlobalSection
	GlobalSection(ProjectConfigurationPlatforms) = postSolution
		{4F20B810-AB58-4827-92E3-E03F13A4AFE7}.Debug|Any CPU.ActiveCfg = Debug|Any CPU
		{4F20B810-AB58-4827-92E3-E03F13A4AFE7}.Debug|Any CPU.Build.0 = Debug|Any CPU
		{4F20B810-AB58-4827-92E3-E03F13A4AFE7}.Release|Any CPU.ActiveCfg = Release|Any CPU
		{4F20B810-AB58-4827-92E3-E03F13A4AFE7}.Release|Any CPU.Build.0 = Release|Any CPU
		{D95F6EFD-2D8F-49BB-B38B-4AC1434991C3}.Debug|Any CPU.ActiveCfg = Debug|Any CPU
		{D95F6EFD-2D8F-49BB-B38B-4AC1434991C3}.Debug|Any CPU.Build.0 = Debug|Any CPU
		{D95F6EFD-2D8F-49BB-B38B-4AC1434991C3}.Release|Any CPU.ActiveCfg = Release|Any CPU
		{D95F6EFD-2D8F-49BB-B38B-4AC1434991C3}.Release|Any CPU.Build.0 = Release|Any CPU
		{3E6685C0-0998-4AB2-B740-DE19926EF1C4}.Debug|Any CPU.ActiveCfg = Debug|Any CPU
		{3E6685C0-0998-4AB2-B740-DE19926EF1C4}.Debug|Any CPU.Build.0 = Debug|Any CPU
		{3E6685C0-0998-4AB2-B740-DE19926EF1C4}.Release|Any CPU.ActiveCfg = Release|Any CPU
		{3E6685C0-0998-4AB2-B740-DE19926EF1C4}.Release|Any CPU.Build.0 = Release|Any CPU
		{4A3067B4-5EF2-4D0B-B91C-B0F5F1F667DB}.Debug|Any CPU.ActiveCfg = Debug|Any CPU
		{4A3067B4-5EF2-4D0B-B91C-B0F5F1F667DB}.Debug|Any CPU.Build.0 = Debug|Any CPU
		{4A3067B4-5EF2-4D0B-B91C-B0F5F1F667DB}.Release|Any CPU.ActiveCfg = Release|Any CPU
		{4A3067B4-5EF2-4D0B-B91C-B0F5F1F667DB}.Release|Any CPU.Build.0 = Release|Any CPU
		{03C64271-E1AB-44A7-87C8-5F05A7E6F5B5}.Debug|Any CPU.ActiveCfg = Debug|Any CPU
		{03C64271-E1AB-44A7-87C8-5F05A7E6F5B5}.Debug|Any CPU.Build.0 = Debug|Any CPU
		{03C64271-E1AB-44A7-87C8-5F05A7E6F5B5}.Release|Any CPU.ActiveCfg = Release|Any CPU
		{03C64271-E1AB-44A7-87C8-5F05A7E6F5B5}.Release|Any CPU.Build.0 = Release|Any CPU
	EndGlobalSection
	GlobalSection(SolutionProperties) = preSolution
		HideSolutionNode = FALSE
	EndGlobalSection
	GlobalSection(ExtensibilityGlobals) = postSolution
		SolutionGuid = {06961583-8293-4FBF-B704-4FED696C67DC}
	EndGlobalSection
EndGlobal
